
Microsoft Visual Studio Solution File, Format Version 12.00
# Visual Studio Version 17
VisualStudioVersion = 17.5.002.0
MinimumVisualStudioVersion = 10.0.40219.1
Project("{9A19103F-16F7-4668-BE54-9A1E7A4F7556}") = "Fleet.Api", "Fleet.Api.csproj", "{7A4ACB36-38EC-476A-8356-4DBF288D1001}"
EndProject
Global
	GlobalSection(SolutionConfigurationPlatforms) = preSolution
		Debug|Any CPU = Debug|Any CPU
		Release|Any CPU = Release|Any CPU
	EndGlobalSection
	GlobalSection(ProjectConfigurationPlatforms) = postSolution
		{7A4ACB36-38EC-476A-8356-4DBF288D1001}.Debug|Any CPU.ActiveCfg = Debug|Any CPU
		{7A4ACB36-38EC-476A-8356-4DBF288D1001}.Debug|Any CPU.Build.0 = Debug|Any CPU
		{7A4ACB36-38EC-476A-8356-4DBF288D1001}.Release|Any CPU.ActiveCfg = Release|Any CPU
		{7A4ACB36-38EC-476A-8356-4DBF288D1001}.Release|Any CPU.Build.0 = Release|Any CPU
	EndGlobalSection
	GlobalSection(SolutionProperties) = preSolution
		HideSolutionNode = FALSE
	EndGlobalSection
	GlobalSection(ExtensibilityGlobals) = postSolution
		SolutionGuid = {98E6F952-8733-4E3C-8B23-93FFB40A67F9}
	EndGlobalSection
EndGlobal
